// !$*UTF8*$!
{
	archiveVersion = 1;
	classes = {
	};
	objectVersion = 51;
	objects = {

/* Begin PBXBuildFile section */
		27E69033B74A57C0829D141B /* ComparisonApp.swift in Sources */ = {isa = PBXBuildFile; fileRef = A68879F9022DB36E4539B5CA /* ComparisonApp.swift */; };
		3C90EF1CA354E9679E7B6EA3 /* ContentView.swift in Sources */ = {isa = PBXBuildFile; fileRef = 92F08651ACE676994F590EEB /* ContentView.swift */; };
		430AFC0535582D22CB8AEC6C /* ComparisonTests.swift in Sources */ = {isa = PBXBuildFile; fileRef = A41A1C8EBDC1B1B52D9A6FCA /* ComparisonTests.swift */; };
		5FDAEE32E17199B6A2222A9C /* Assets.xcassets in Resources */ = {isa = PBXBuildFile; fileRef = 47850025B7FE9F5C61EE5BBC /* Assets.xcassets */; };
		B4A057564309B7C43FFB17BA /* Preview Assets.xcassets in Resources */ = {isa = PBXBuildFile; fileRef = 84D67C9428AD2F3BC7862745 /* Preview Assets.xcassets */; };
		F64379A4E85B1E81B0474D1E /* ComparisonUITests.swift in Sources */ = {isa = PBXBuildFile; fileRef = 0B202E815CB4A78F41BD7051 /* ComparisonUITests.swift */; };
/* End PBXBuildFile section */

/* Begin PBXContainerItemProxy section */
		89AA5F16126B63DA06085EAC /* PBXContainerItemProxy */ = {
			isa = PBXContainerItemProxy;
			containerPortal = C680F23CF2A8FEF2259E68A8 /* Project object */;
			proxyType = 1;
			remoteGlobalIDString = 1DA8F2847B5031ECE9903A65;
			remoteInfo = Comparison;
		};
		C13EF59A20EFA811A7DFB867 /* PBXContainerItemProxy */ = {
			isa = PBXContainerItemProxy;
			containerPortal = C680F23CF2A8FEF2259E68A8 /* Project object */;
			proxyType = 1;
			remoteGlobalIDString = 1DA8F2847B5031ECE9903A65;
			remoteInfo = Comparison;
		};
/* End PBXContainerItemProxy section */

/* Begin PBXFileReference section */
		0B202E815CB4A78F41BD7051 /* ComparisonUITests.swift */ = {isa = PBXFileReference; lastKnownFileType = sourcecode.swift; path = ComparisonUITests.swift; sourceTree = "<group>"; };
		0C9ED1639BF04680902029DD /* Info.plist */ = {isa = PBXFileReference; lastKnownFileType = text.plist; path = Info.plist; sourceTree = "<group>"; };
		0D2372CEC7F7EEE5F385C68E /* Info.plist */ = {isa = PBXFileReference; lastKnownFileType = text.plist; path = Info.plist; sourceTree = "<group>"; };
		26BB431A5D7F41BA2CC86029 /* Info.plist */ = {isa = PBXFileReference; lastKnownFileType = text.plist; path = Info.plist; sourceTree = "<group>"; };
		47850025B7FE9F5C61EE5BBC /* Assets.xcassets */ = {isa = PBXFileReference; lastKnownFileType = folder.assetcatalog; path = Assets.xcassets; sourceTree = "<group>"; };
		71F2836119D7276B80D15D34 /* ComparisonUITests.xctest */ = {isa = PBXFileReference; includeInIndex = 0; lastKnownFileType = wrapper.cfbundle; path = ComparisonUITests.xctest; sourceTree = BUILT_PRODUCTS_DIR; };
		7A8D759E38CD6D5ECD7B2DC8 /* ComparisonTests.xctest */ = {isa = PBXFileReference; includeInIndex = 0; lastKnownFileType = wrapper.cfbundle; path = ComparisonTests.xctest; sourceTree = BUILT_PRODUCTS_DIR; };
		84D67C9428AD2F3BC7862745 /* Preview Assets.xcassets */ = {isa = PBXFileReference; lastKnownFileType = folder.assetcatalog; path = "Preview Assets.xcassets"; sourceTree = "<group>"; };
		92F08651ACE676994F590EEB /* ContentView.swift */ = {isa = PBXFileReference; lastKnownFileType = sourcecode.swift; path = ContentView.swift; sourceTree = "<group>"; };
		A41A1C8EBDC1B1B52D9A6FCA /* ComparisonTests.swift */ = {isa = PBXFileReference; lastKnownFileType = sourcecode.swift; path = ComparisonTests.swift; sourceTree = "<group>"; };
		A68879F9022DB36E4539B5CA /* ComparisonApp.swift */ = {isa = PBXFileReference; lastKnownFileType = sourcecode.swift; path = ComparisonApp.swift; sourceTree = "<group>"; };
		DE540344E653635B097C40A4 /* Comparison.app */ = {isa = PBXFileReference; includeInIndex = 0; lastKnownFileType = wrapper.application; path = Comparison.app; sourceTree = BUILT_PRODUCTS_DIR; };
/* End PBXFileReference section */

/* Begin PBXGroup section */
		21E831AF2CE1819E91D4E47E /* Preview Content */ = {
			isa = PBXGroup;
			children = (
				84D67C9428AD2F3BC7862745 /* Preview Assets.xcassets */,
			);
			path = "Preview Content";
			sourceTree = "<group>";
		};
		3D9FC0C0954DFCB248221125 = {
			isa = PBXGroup;
			children = (
				4BB3B9FE5BF391E72B556298 /* Comparison */,
				55650042194FCAFBBE4DE91C /* ComparisonTests */,
				C4E56588A9EFCB9939B53131 /* ComparisonUITests */,
				99A19D8C2B5197ABCF4E14BB /* Products */,
			);
			sourceTree = "<group>";
		};
		4BB3B9FE5BF391E72B556298 /* Comparison */ = {
			isa = PBXGroup;
			children = (
				47850025B7FE9F5C61EE5BBC /* Assets.xcassets */,
				A68879F9022DB36E4539B5CA /* ComparisonApp.swift */,
				92F08651ACE676994F590EEB /* ContentView.swift */,
				0C9ED1639BF04680902029DD /* Info.plist */,
				21E831AF2CE1819E91D4E47E /* Preview Content */,
			);
			path = Comparison;
			sourceTree = "<group>";
		};
		55650042194FCAFBBE4DE91C /* ComparisonTests */ = {
			isa = PBXGroup;
			children = (
				A41A1C8EBDC1B1B52D9A6FCA /* ComparisonTests.swift */,
				26BB431A5D7F41BA2CC86029 /* Info.plist */,
			);
			path = ComparisonTests;
			sourceTree = "<group>";
		};
		99A19D8C2B5197ABCF4E14BB /* Products */ = {
			isa = PBXGroup;
			children = (
				DE540344E653635B097C40A4 /* Comparison.app */,
				7A8D759E38CD6D5ECD7B2DC8 /* ComparisonTests.xctest */,
				71F2836119D7276B80D15D34 /* ComparisonUITests.xctest */,
			);
			name = Products;
			sourceTree = "<group>";
		};
		C4E56588A9EFCB9939B53131 /* ComparisonUITests */ = {
			isa = PBXGroup;
			children = (
				0B202E815CB4A78F41BD7051 /* ComparisonUITests.swift */,
				0D2372CEC7F7EEE5F385C68E /* Info.plist */,
			);
			path = ComparisonUITests;
			sourceTree = "<group>";
		};
/* End PBXGroup section */

/* Begin PBXNativeTarget section */
		11EB026595789E23F8554ED6 /* ComparisonUITests */ = {
			isa = PBXNativeTarget;
			buildConfigurationList = 3107D66FEDBF51DADCDD5527 /* Build configuration list for PBXNativeTarget "ComparisonUITests" */;
			buildPhases = (
				06A9ED3A4E21022F6FB4A5ED /* Sources */,
			);
			buildRules = (
			);
			dependencies = (
				4CB4F74687A6EE090405E655 /* PBXTargetDependency */,
			);
			name = ComparisonUITests;
			productName = ComparisonUITests;
			productReference = 71F2836119D7276B80D15D34 /* ComparisonUITests.xctest */;
			productType = "com.apple.product-type.bundle.ui-testing";
		};
		1DA8F2847B5031ECE9903A65 /* Comparison */ = {
			isa = PBXNativeTarget;
			buildConfigurationList = C0BCC3E2D3442E279C282F08 /* Build configuration list for PBXNativeTarget "Comparison" */;
			buildPhases = (
				01D366638E30AF1085FFFC8F /* Run SwiftLint */,
				47375CDE53404E4142EE2270 /* Sources */,
				8BFE89B0C0EBDDC200499034 /* Resources */,
			);
			buildRules = (
			);
			dependencies = (
			);
			name = Comparison;
			productName = Comparison;
			productReference = DE540344E653635B097C40A4 /* Comparison.app */;
			productType = "com.apple.product-type.application";
		};
		ADFB87D31330ABEABB7752FA /* ComparisonTests */ = {
			isa = PBXNativeTarget;
			buildConfigurationList = 4FE5683B2F083D4150A5301C /* Build configuration list for PBXNativeTarget "ComparisonTests" */;
			buildPhases = (
				3CE2A87B8C3B24C6038E212D /* Sources */,
			);
			buildRules = (
			);
			dependencies = (
				A8F536CB54A35553D3E29BCD /* PBXTargetDependency */,
			);
			name = ComparisonTests;
			productName = ComparisonTests;
			productReference = 7A8D759E38CD6D5ECD7B2DC8 /* ComparisonTests.xctest */;
			productType = "com.apple.product-type.bundle.unit-test";
		};
/* End PBXNativeTarget section */

/* Begin PBXProject section */
		C680F23CF2A8FEF2259E68A8 /* Project object */ = {
			isa = PBXProject;
			attributes = {
				LastUpgradeCheck = 1020;
				TargetAttributes = {
					11EB026595789E23F8554ED6 = {
						ProvisioningStyle = Automatic;
						TestTargetID = 1DA8F2847B5031ECE9903A65;
					};
					1DA8F2847B5031ECE9903A65 = {
						ProvisioningStyle = Automatic;
					};
					ADFB87D31330ABEABB7752FA = {
						ProvisioningStyle = Automatic;
						TestTargetID = 1DA8F2847B5031ECE9903A65;
					};
				};
			};
			buildConfigurationList = 340B5F2D66FC68F70522400F /* Build configuration list for PBXProject "Comparison" */;
			compatibilityVersion = "Xcode 10.0";
			developmentRegion = en;
			hasScannedForEncodings = 0;
			knownRegions = (
				Base,
				en,
			);
			mainGroup = 3D9FC0C0954DFCB248221125;
			projectDirPath = "";
			projectRoot = "";
			targets = (
				1DA8F2847B5031ECE9903A65 /* Comparison */,
				ADFB87D31330ABEABB7752FA /* ComparisonTests */,
				11EB026595789E23F8554ED6 /* ComparisonUITests */,
			);
		};
/* End PBXProject section */

/* Begin PBXResourcesBuildPhase section */
		8BFE89B0C0EBDDC200499034 /* Resources */ = {
			isa = PBXResourcesBuildPhase;
			buildActionMask = 2147483647;
			files = (
				5FDAEE32E17199B6A2222A9C /* Assets.xcassets in Resources */,
				B4A057564309B7C43FFB17BA /* Preview Assets.xcassets in Resources */,
			);
			runOnlyForDeploymentPostprocessing = 0;
		};
/* End PBXResourcesBuildPhase section */

/* Begin PBXShellScriptBuildPhase section */
		01D366638E30AF1085FFFC8F /* Run SwiftLint */ = {
			isa = PBXShellScriptBuildPhase;
			buildActionMask = 2147483647;
			files = (
			);
			inputFileListPaths = (
			);
			inputPaths = (
			);
			name = "Run SwiftLint";
			outputFileListPaths = (
			);
			outputPaths = (
			);
			runOnlyForDeploymentPostprocessing = 0;
			shellPath = /bin/sh;
			shellScript = "if which swiftlint >/dev/null; then\nswiftlint autocorrect --format\nswiftlint\nelse\necho \"warning: SwiftLint not installed, download from https://github.com/realm/SwiftLint\"\nfi \n";
		};
/* End PBXShellScriptBuildPhase section */

/* Begin PBXSourcesBuildPhase section */
		06A9ED3A4E21022F6FB4A5ED /* Sources */ = {
			isa = PBXSourcesBuildPhase;
			buildActionMask = 2147483647;
			files = (
				F64379A4E85B1E81B0474D1E /* ComparisonUITests.swift in Sources */,
			);
			runOnlyForDeploymentPostprocessing = 0;
		};
		3CE2A87B8C3B24C6038E212D /* Sources */ = {
			isa = PBXSourcesBuildPhase;
			buildActionMask = 2147483647;
			files = (
				430AFC0535582D22CB8AEC6C /* ComparisonTests.swift in Sources */,
			);
			runOnlyForDeploymentPostprocessing = 0;
		};
		47375CDE53404E4142EE2270 /* Sources */ = {
			isa = PBXSourcesBuildPhase;
			buildActionMask = 2147483647;
			files = (
				27E69033B74A57C0829D141B /* ComparisonApp.swift in Sources */,
				3C90EF1CA354E9679E7B6EA3 /* ContentView.swift in Sources */,
			);
			runOnlyForDeploymentPostprocessing = 0;
		};
/* End PBXSourcesBuildPhase section */

/* Begin PBXTargetDependency section */
		4CB4F74687A6EE090405E655 /* PBXTargetDependency */ = {
			isa = PBXTargetDependency;
			target = 1DA8F2847B5031ECE9903A65 /* Comparison */;
			targetProxy = 89AA5F16126B63DA06085EAC /* PBXContainerItemProxy */;
		};
		A8F536CB54A35553D3E29BCD /* PBXTargetDependency */ = {
			isa = PBXTargetDependency;
			target = 1DA8F2847B5031ECE9903A65 /* Comparison */;
			targetProxy = C13EF59A20EFA811A7DFB867 /* PBXContainerItemProxy */;
		};
/* End PBXTargetDependency section */

/* Begin XCBuildConfiguration section */
		01D7C517D0AA4F3108014AE1 /* Debug */ = {
			isa = XCBuildConfiguration;
			buildSettings = {
				BUNDLE_LOADER = "$(TEST_HOST)";
				INFOPLIST_FILE = ComparisonTests/Info.plist;
				LD_RUNPATH_SEARCH_PATHS = (
					"$(inherited)",
					"@executable_path/Frameworks",
					"@loader_path/Frameworks",
				);
				PRODUCT_BUNDLE_IDENTIFIER = Bigamition.ComparisonTests;
				SDKROOT = iphoneos;
				TARGETED_DEVICE_FAMILY = "1,2";
				TEST_HOST = "$(BUILT_PRODUCTS_DIR)/Comparison.app/Comparison";
				TEST_TARGET_NAME = Comparison;
			};
			name = Debug;
		};
		2B79E0CCC19FB500598F1CC1 /* Staging */ = {
			isa = XCBuildConfiguration;
			buildSettings = {
				BUNDLE_LOADER = "$(TEST_HOST)";
				INFOPLIST_FILE = ComparisonUITests/Info.plist;
				LD_RUNPATH_SEARCH_PATHS = (
					"$(inherited)",
					"@executable_path/Frameworks",
					"@loader_path/Frameworks",
				);
				PRODUCT_BUNDLE_IDENTIFIER = Bigamition.ComparisonUITests;
				SDKROOT = iphoneos;
				TARGETED_DEVICE_FAMILY = "1,2";
				TEST_TARGET_NAME = Comparison;
			};
			name = Staging;
		};
		3054E3CFD4FB75BDF7EBF2EC /* Release */ = {
			isa = XCBuildConfiguration;
			buildSettings = {
				BUNDLE_LOADER = "$(TEST_HOST)";
				INFOPLIST_FILE = ComparisonUITests/Info.plist;
				LD_RUNPATH_SEARCH_PATHS = (
					"$(inherited)",
					"@executable_path/Frameworks",
					"@loader_path/Frameworks",
				);
				PRODUCT_BUNDLE_IDENTIFIER = Bigamition.ComparisonUITests;
				SDKROOT = iphoneos;
				TARGETED_DEVICE_FAMILY = "1,2";
				TEST_TARGET_NAME = Comparison;
			};
			name = Release;
		};
		5171C01CC73BFAF12DA3F5E6 /* Staging */ = {
			isa = XCBuildConfiguration;
			buildSettings = {
				ALWAYS_SEARCH_USER_PATHS = NO;
				CLANG_ANALYZER_NONNULL = YES;
				CLANG_ANALYZER_NUMBER_OBJECT_CONVERSION = YES_AGGRESSIVE;
				CLANG_CXX_LANGUAGE_STANDARD = "gnu++14";
				CLANG_CXX_LIBRARY = "libc++";
				CLANG_ENABLE_MODULES = YES;
				CLANG_ENABLE_OBJC_ARC = YES;
				CLANG_WARN_BLOCK_CAPTURE_AUTORELEASING = YES;
				CLANG_WARN_BOOL_CONVERSION = YES;
				CLANG_WARN_COMMA = YES;
				CLANG_WARN_CONSTANT_CONVERSION = YES;
				CLANG_WARN_DEPRECATED_OBJC_IMPLEMENTATIONS = YES;
				CLANG_WARN_DIRECT_OBJC_ISA_USAGE = YES_ERROR;
				CLANG_WARN_DOCUMENTATION_COMMENTS = YES;
				CLANG_WARN_EMPTY_BODY = YES;
				CLANG_WARN_ENUM_CONVERSION = YES;
				CLANG_WARN_INFINITE_RECURSION = YES;
				CLANG_WARN_INT_CONVERSION = YES;
				CLANG_WARN_NON_LITERAL_NULL_CONVERSION = YES;
				CLANG_WARN_OBJC_IMPLICIT_RETAIN_SELF = YES;
				CLANG_WARN_OBJC_LITERAL_CONVERSION = YES;
				CLANG_WARN_OBJC_ROOT_CLASS = YES_ERROR;
				CLANG_WARN_RANGE_LOOP_ANALYSIS = YES;
				CLANG_WARN_STRICT_PROTOTYPES = YES;
				CLANG_WARN_SUSPICIOUS_MOVE = YES;
				CLANG_WARN_UNGUARDED_AVAILABILITY = YES_AGGRESSIVE;
				CLANG_WARN_UNREACHABLE_CODE = YES;
				CLANG_WARN__DUPLICATE_METHOD_MATCH = YES;
				CODE_SIGN_STYLE = Automatic;
				COPY_PHASE_STRIP = NO;
				DEBUG_INFORMATION_FORMAT = "dwarf-with-dsym";
				ENABLE_NS_ASSERTIONS = NO;
				ENABLE_STRICT_OBJC_MSGSEND = YES;
				GCC_C_LANGUAGE_STANDARD = gnu11;
				GCC_NO_COMMON_BLOCKS = YES;
				GCC_WARN_64_TO_32_BIT_CONVERSION = YES;
				GCC_WARN_ABOUT_RETURN_TYPE = YES_ERROR;
				GCC_WARN_UNDECLARED_SELECTOR = YES;
				GCC_WARN_UNINITIALIZED_AUTOS = YES_AGGRESSIVE;
				GCC_WARN_UNUSED_FUNCTION = YES;
				GCC_WARN_UNUSED_VARIABLE = YES;
				IPHONEOS_DEPLOYMENT_TARGET = 13.0;
				PRODUCT_NAME = "$(TARGET_NAME)";
				SDKROOT = iphoneos;
				SWIFT_ACTIVE_COMPILATION_CONDITIONS = STAGING;
				SWIFT_COMPILATION_MODE = wholemodule;
				SWIFT_VERSION = 5.3.2;
				TARGETED_DEVICE_FAMILY = 1;
				VALIDATE_PRODUCT = YES;
			};
			name = Staging;
		};
		7044DF7F7203673163C70776 /* Debug */ = {
			isa = XCBuildConfiguration;
			buildSettings = {
				ALWAYS_SEARCH_USER_PATHS = NO;
				CLANG_ANALYZER_NONNULL = YES;
				CLANG_ANALYZER_NUMBER_OBJECT_CONVERSION = YES_AGGRESSIVE;
				CLANG_CXX_LANGUAGE_STANDARD = "gnu++14";
				CLANG_CXX_LIBRARY = "libc++";
				CLANG_ENABLE_MODULES = YES;
				CLANG_ENABLE_OBJC_ARC = YES;
				CLANG_WARN_BLOCK_CAPTURE_AUTORELEASING = YES;
				CLANG_WARN_BOOL_CONVERSION = YES;
				CLANG_WARN_COMMA = YES;
				CLANG_WARN_CONSTANT_CONVERSION = YES;
				CLANG_WARN_DEPRECATED_OBJC_IMPLEMENTATIONS = YES;
				CLANG_WARN_DIRECT_OBJC_ISA_USAGE = YES_ERROR;
				CLANG_WARN_DOCUMENTATION_COMMENTS = YES;
				CLANG_WARN_EMPTY_BODY = YES;
				CLANG_WARN_ENUM_CONVERSION = YES;
				CLANG_WARN_INFINITE_RECURSION = YES;
				CLANG_WARN_INT_CONVERSION = YES;
				CLANG_WARN_NON_LITERAL_NULL_CONVERSION = YES;
				CLANG_WARN_OBJC_IMPLICIT_RETAIN_SELF = YES;
				CLANG_WARN_OBJC_LITERAL_CONVERSION = YES;
				CLANG_WARN_OBJC_ROOT_CLASS = YES_ERROR;
				CLANG_WARN_RANGE_LOOP_ANALYSIS = YES;
				CLANG_WARN_STRICT_PROTOTYPES = YES;
				CLANG_WARN_SUSPICIOUS_MOVE = YES;
				CLANG_WARN_UNGUARDED_AVAILABILITY = YES_AGGRESSIVE;
				CLANG_WARN_UNREACHABLE_CODE = YES;
				CLANG_WARN__DUPLICATE_METHOD_MATCH = YES;
				CODE_SIGN_STYLE = Automatic;
				COPY_PHASE_STRIP = NO;
				DEBUG_INFORMATION_FORMAT = dwarf;
				ENABLE_STRICT_OBJC_MSGSEND = YES;
				ENABLE_TESTABILITY = YES;
				GCC_C_LANGUAGE_STANDARD = gnu11;
				GCC_DYNAMIC_NO_PIC = NO;
				GCC_NO_COMMON_BLOCKS = YES;
				GCC_OPTIMIZATION_LEVEL = 0;
				GCC_PREPROCESSOR_DEFINITIONS = (
					"$(inherited)",
					"DEBUG=1",
				);
				GCC_WARN_64_TO_32_BIT_CONVERSION = YES;
				GCC_WARN_ABOUT_RETURN_TYPE = YES_ERROR;
				GCC_WARN_UNDECLARED_SELECTOR = YES;
				GCC_WARN_UNINITIALIZED_AUTOS = YES_AGGRESSIVE;
				GCC_WARN_UNUSED_FUNCTION = YES;
				GCC_WARN_UNUSED_VARIABLE = YES;
				IPHONEOS_DEPLOYMENT_TARGET = 13.0;
				MTL_ENABLE_DEBUG_INFO = YES;
				ONLY_ACTIVE_ARCH = YES;
				PRODUCT_NAME = "$(TARGET_NAME)";
				SDKROOT = iphoneos;
				SWIFT_ACTIVE_COMPILATION_CONDITIONS = DEBUG;
				SWIFT_OPTIMIZATION_LEVEL = "-Onone";
				SWIFT_VERSION = 5.3.2;
				TARGETED_DEVICE_FAMILY = 1;
			};
			name = Debug;
		};
		71BF4F35028248BCEDD1BDB1 /* Release */ = {
			isa = XCBuildConfiguration;
			buildSettings = {
				BUNDLE_LOADER = "$(TEST_HOST)";
				INFOPLIST_FILE = ComparisonTests/Info.plist;
				LD_RUNPATH_SEARCH_PATHS = (
					"$(inherited)",
					"@executable_path/Frameworks",
					"@loader_path/Frameworks",
				);
				PRODUCT_BUNDLE_IDENTIFIER = Bigamition.ComparisonTests;
				SDKROOT = iphoneos;
				TARGETED_DEVICE_FAMILY = "1,2";
				TEST_HOST = "$(BUILT_PRODUCTS_DIR)/Comparison.app/Comparison";
				TEST_TARGET_NAME = Comparison;
			};
			name = Release;
		};
		7EB7C10C8CFE675E875189F8 /* Debug */ = {
			isa = XCBuildConfiguration;
			buildSettings = {
				ASSETCATALOG_COMPILER_APPICON_NAME = AppIcon;
				CODE_SIGN_IDENTITY = "iPhone Developer";
				INFOPLIST_FILE = Comparison/Info.plist;
				LD_RUNPATH_SEARCH_PATHS = (
					"$(inherited)",
					"@executable_path/Frameworks",
				);
				PRODUCT_BUNDLE_IDENTIFIER = Bigamition.Comparison;
				SDKROOT = iphoneos;
				TARGETED_DEVICE_FAMILY = "1,2";
			};
			name = Debug;
		};
		9F65B7A2D25942453662776D /* Staging */ = {
			isa = XCBuildConfiguration;
			buildSettings = {
				BUNDLE_LOADER = "$(TEST_HOST)";
				INFOPLIST_FILE = ComparisonTests/Info.plist;
				LD_RUNPATH_SEARCH_PATHS = (
					"$(inherited)",
					"@executable_path/Frameworks",
					"@loader_path/Frameworks",
				);
				PRODUCT_BUNDLE_IDENTIFIER = Bigamition.ComparisonTests;
				SDKROOT = iphoneos;
				TARGETED_DEVICE_FAMILY = "1,2";
				TEST_HOST = "$(BUILT_PRODUCTS_DIR)/Comparison.app/Comparison";
				TEST_TARGET_NAME = Comparison;
			};
			name = Staging;
		};
		AD9C1042D64881DF29AFB4EB /* Release */ = {
			isa = XCBuildConfiguration;
			buildSettings = {
				ASSETCATALOG_COMPILER_APPICON_NAME = AppIcon;
				CODE_SIGN_IDENTITY = "iPhone Developer";
				INFOPLIST_FILE = Comparison/Info.plist;
				LD_RUNPATH_SEARCH_PATHS = (
					"$(inherited)",
					"@executable_path/Frameworks",
				);
				PRODUCT_BUNDLE_IDENTIFIER = Bigamition.Comparison;
				SDKROOT = iphoneos;
				TARGETED_DEVICE_FAMILY = "1,2";
			};
			name = Release;
		};
		CC1F69F7107C7F90D41D7A8E /* Debug */ = {
			isa = XCBuildConfiguration;
			buildSettings = {
				BUNDLE_LOADER = "$(TEST_HOST)";
				INFOPLIST_FILE = ComparisonUITests/Info.plist;
				LD_RUNPATH_SEARCH_PATHS = (
					"$(inherited)",
					"@executable_path/Frameworks",
					"@loader_path/Frameworks",
				);
				PRODUCT_BUNDLE_IDENTIFIER = Bigamition.ComparisonUITests;
				SDKROOT = iphoneos;
				TARGETED_DEVICE_FAMILY = "1,2";
				TEST_TARGET_NAME = Comparison;
			};
			name = Debug;
		};
		DF2E90760BBE9AB34148B3F1 /* Staging */ = {
			isa = XCBuildConfiguration;
			buildSettings = {
				ASSETCATALOG_COMPILER_APPICON_NAME = AppIcon;
				CODE_SIGN_IDENTITY = "iPhone Developer";
				INFOPLIST_FILE = Comparison/Info.plist;
				LD_RUNPATH_SEARCH_PATHS = (
					"$(inherited)",
					"@executable_path/Frameworks",
				);
				PRODUCT_BUNDLE_IDENTIFIER = Bigamition.Comparison;
				SDKROOT = iphoneos;
				TARGETED_DEVICE_FAMILY = "1,2";
			};
			name = Staging;
		};
		E52D57FD56498E4B759EB139 /* Release */ = {
			isa = XCBuildConfiguration;
			buildSettings = {
				ALWAYS_SEARCH_USER_PATHS = NO;
				CLANG_ANALYZER_NONNULL = YES;
				CLANG_ANALYZER_NUMBER_OBJECT_CONVERSION = YES_AGGRESSIVE;
				CLANG_CXX_LANGUAGE_STANDARD = "gnu++14";
				CLANG_CXX_LIBRARY = "libc++";
				CLANG_ENABLE_MODULES = YES;
				CLANG_ENABLE_OBJC_ARC = YES;
				CLANG_WARN_BLOCK_CAPTURE_AUTORELEASING = YES;
				CLANG_WARN_BOOL_CONVERSION = YES;
				CLANG_WARN_COMMA = YES;
				CLANG_WARN_CONSTANT_CONVERSION = YES;
				CLANG_WARN_DEPRECATED_OBJC_IMPLEMENTATIONS = YES;
				CLANG_WARN_DIRECT_OBJC_ISA_USAGE = YES_ERROR;
				CLANG_WARN_DOCUMENTATION_COMMENTS = YES;
				CLANG_WARN_EMPTY_BODY = YES;
				CLANG_WARN_ENUM_CONVERSION = YES;
				CLANG_WARN_INFINITE_RECURSION = YES;
				CLANG_WARN_INT_CONVERSION = YES;
				CLANG_WARN_NON_LITERAL_NULL_CONVERSION = YES;
				CLANG_WARN_OBJC_IMPLICIT_RETAIN_SELF = YES;
				CLANG_WARN_OBJC_LITERAL_CONVERSION = YES;
				CLANG_WARN_OBJC_ROOT_CLASS = YES_ERROR;
				CLANG_WARN_RANGE_LOOP_ANALYSIS = YES;
				CLANG_WARN_STRICT_PROTOTYPES = YES;
				CLANG_WARN_SUSPICIOUS_MOVE = YES;
				CLANG_WARN_UNGUARDED_AVAILABILITY = YES_AGGRESSIVE;
				CLANG_WARN_UNREACHABLE_CODE = YES;
				CLANG_WARN__DUPLICATE_METHOD_MATCH = YES;
				CODE_SIGN_STYLE = Automatic;
				COPY_PHASE_STRIP = NO;
				DEBUG_INFORMATION_FORMAT = "dwarf-with-dsym";
				ENABLE_NS_ASSERTIONS = NO;
				ENABLE_STRICT_OBJC_MSGSEND = YES;
				GCC_C_LANGUAGE_STANDARD = gnu11;
				GCC_NO_COMMON_BLOCKS = YES;
				GCC_WARN_64_TO_32_BIT_CONVERSION = YES;
				GCC_WARN_ABOUT_RETURN_TYPE = YES_ERROR;
				GCC_WARN_UNDECLARED_SELECTOR = YES;
				GCC_WARN_UNINITIALIZED_AUTOS = YES_AGGRESSIVE;
				GCC_WARN_UNUSED_FUNCTION = YES;
				GCC_WARN_UNUSED_VARIABLE = YES;
				IPHONEOS_DEPLOYMENT_TARGET = 13.0;
				PRODUCT_NAME = "$(TARGET_NAME)";
				SDKROOT = iphoneos;
				SWIFT_COMPILATION_MODE = wholemodule;
				SWIFT_VERSION = 5.3.2;
				TARGETED_DEVICE_FAMILY = 1;
				VALIDATE_PRODUCT = YES;
			};
			name = Release;
		};
/* End XCBuildConfiguration section */

/* Begin XCConfigurationList section */
		3107D66FEDBF51DADCDD5527 /* Build configuration list for PBXNativeTarget "ComparisonUITests" */ = {
			isa = XCConfigurationList;
			buildConfigurations = (
				CC1F69F7107C7F90D41D7A8E /* Debug */,
				3054E3CFD4FB75BDF7EBF2EC /* Release */,
				2B79E0CCC19FB500598F1CC1 /* Staging */,
			);
			defaultConfigurationIsVisible = 0;
			defaultConfigurationName = "";
		};
		340B5F2D66FC68F70522400F /* Build configuration list for PBXProject "Comparison" */ = {
			isa = XCConfigurationList;
			buildConfigurations = (
				7044DF7F7203673163C70776 /* Debug */,
				E52D57FD56498E4B759EB139 /* Release */,
				5171C01CC73BFAF12DA3F5E6 /* Staging */,
			);
			defaultConfigurationIsVisible = 0;
			defaultConfigurationName = Debug;
		};
		4FE5683B2F083D4150A5301C /* Build configuration list for PBXNativeTarget "ComparisonTests" */ = {
			isa = XCConfigurationList;
			buildConfigurations = (
				01D7C517D0AA4F3108014AE1 /* Debug */,
				71BF4F35028248BCEDD1BDB1 /* Release */,
				9F65B7A2D25942453662776D /* Staging */,
			);
			defaultConfigurationIsVisible = 0;
			defaultConfigurationName = "";
		};
		C0BCC3E2D3442E279C282F08 /* Build configuration list for PBXNativeTarget "Comparison" */ = {
			isa = XCConfigurationList;
			buildConfigurations = (
				7EB7C10C8CFE675E875189F8 /* Debug */,
				AD9C1042D64881DF29AFB4EB /* Release */,
				DF2E90760BBE9AB34148B3F1 /* Staging */,
			);
			defaultConfigurationIsVisible = 0;
			defaultConfigurationName = "";
		};
/* End XCConfigurationList section */
	};
	rootObject = C680F23CF2A8FEF2259E68A8 /* Project object */;
}
